// !$*UTF8*$!
{
	archiveVersion = 1;
	classes = {
	};
	objectVersion = 56;
	objects = {

/* Begin PBXBuildFile section */
		08FBF1D82C59B78600F4AE9A /* NativeWebSocket.swift in Sources */ = {isa = PBXBuildFile; fileRef = 08FBF1CE2C59B78600F4AE9A /* NativeWebSocket.swift */; };
		08FBF1D92C59B78600F4AE9A /* StarscreamProvider.swift in Sources */ = {isa = PBXBuildFile; fileRef = 08FBF1CF2C59B78600F4AE9A /* StarscreamProvider.swift */; };
		08FBF1DA2C59B78600F4AE9A /* WebSocketProvider.swift in Sources */ = {isa = PBXBuildFile; fileRef = 08FBF1D02C59B78600F4AE9A /* WebSocketProvider.swift */; };
		08FBF1DB2C59B78600F4AE9A /* API.swift in Sources */ = {isa = PBXBuildFile; fileRef = 08FBF1D22C59B78600F4AE9A /* API.swift */; };
		08FBF1DC2C59B78600F4AE9A /* Message.swift in Sources */ = {isa = PBXBuildFile; fileRef = 08FBF1D32C59B78600F4AE9A /* Message.swift */; };
		08FBF1DD2C59B78600F4AE9A /* Peer.swift in Sources */ = {isa = PBXBuildFile; fileRef = 08FBF1D42C59B78600F4AE9A /* Peer.swift */; };
		08FBF1DE2C59B78600F4AE9A /* SignalingClient.swift in Sources */ = {isa = PBXBuildFile; fileRef = 08FBF1D52C59B78600F4AE9A /* SignalingClient.swift */; };
		08FBF1DF2C59B78600F4AE9A /* WebRTCClient.swift in Sources */ = {isa = PBXBuildFile; fileRef = 08FBF1D62C59B78600F4AE9A /* WebRTCClient.swift */; };
		60E860F52C5192DE0097826E /* Neurology_iOS_Client_AppApp.swift in Sources */ = {isa = PBXBuildFile; fileRef = 60E860F42C5192DE0097826E /* Neurology_iOS_Client_AppApp.swift */; };
		60E860F72C5192DE0097826E /* HomeView.swift in Sources */ = {isa = PBXBuildFile; fileRef = 60E860F62C5192DE0097826E /* HomeView.swift */; };
		60E860F92C5192DE0097826E /* Assets.xcassets in Resources */ = {isa = PBXBuildFile; fileRef = 60E860F82C5192DE0097826E /* Assets.xcassets */; };
		60E860FC2C5192DE0097826E /* Preview Assets.xcassets in Resources */ = {isa = PBXBuildFile; fileRef = 60E860FB2C5192DE0097826E /* Preview Assets.xcassets */; };
/* End PBXBuildFile section */

/* Begin PBXContainerItemProxy section */
		60E861022C5192DF0097826E /* PBXContainerItemProxy */ = {
			isa = PBXContainerItemProxy;
			containerPortal = 60E860E92C5192DE0097826E /* Project object */;
			proxyType = 1;
			remoteGlobalIDString = 60E860F02C5192DE0097826E;
			remoteInfo = "Neurology-iOS-Client-App";
		};
		60E8610C2C5192DF0097826E /* PBXContainerItemProxy */ = {
			isa = PBXContainerItemProxy;
			containerPortal = 60E860E92C5192DE0097826E /* Project object */;
			proxyType = 1;
			remoteGlobalIDString = 60E860F02C5192DE0097826E;
			remoteInfo = "Neurology-iOS-Client-App";
		};
/* End PBXContainerItemProxy section */

/* Begin PBXFileReference section */
		08FBF1CE2C59B78600F4AE9A /* NativeWebSocket.swift */ = {isa = PBXFileReference; fileEncoding = 4; lastKnownFileType = sourcecode.swift; path = NativeWebSocket.swift; sourceTree = "<group>"; };
		08FBF1CF2C59B78600F4AE9A /* StarscreamProvider.swift */ = {isa = PBXFileReference; fileEncoding = 4; lastKnownFileType = sourcecode.swift; path = StarscreamProvider.swift; sourceTree = "<group>"; };
		08FBF1D02C59B78600F4AE9A /* WebSocketProvider.swift */ = {isa = PBXFileReference; fileEncoding = 4; lastKnownFileType = sourcecode.swift; path = WebSocketProvider.swift; sourceTree = "<group>"; };
		08FBF1D22C59B78600F4AE9A /* API.swift */ = {isa = PBXFileReference; fileEncoding = 4; lastKnownFileType = sourcecode.swift; path = API.swift; sourceTree = "<group>"; };
		08FBF1D32C59B78600F4AE9A /* Message.swift */ = {isa = PBXFileReference; fileEncoding = 4; lastKnownFileType = sourcecode.swift; path = Message.swift; sourceTree = "<group>"; };
		08FBF1D42C59B78600F4AE9A /* Peer.swift */ = {isa = PBXFileReference; fileEncoding = 4; lastKnownFileType = sourcecode.swift; path = Peer.swift; sourceTree = "<group>"; };
		08FBF1D52C59B78600F4AE9A /* SignalingClient.swift */ = {isa = PBXFileReference; fileEncoding = 4; lastKnownFileType = sourcecode.swift; path = SignalingClient.swift; sourceTree = "<group>"; };
		08FBF1D62C59B78600F4AE9A /* WebRTCClient.swift */ = {isa = PBXFileReference; fileEncoding = 4; lastKnownFileType = sourcecode.swift; path = WebRTCClient.swift; sourceTree = "<group>"; };
		60E860F12C5192DE0097826E /* Neurology-iOS-Client-App.app */ = {isa = PBXFileReference; explicitFileType = wrapper.application; includeInIndex = 0; path = "Neurology-iOS-Client-App.app"; sourceTree = BUILT_PRODUCTS_DIR; };
		60E860F42C5192DE0097826E /* Neurology_iOS_Client_AppApp.swift */ = {isa = PBXFileReference; lastKnownFileType = sourcecode.swift; path = Neurology_iOS_Client_AppApp.swift; sourceTree = "<group>"; };
		60E860F62C5192DE0097826E /* HomeView.swift */ = {isa = PBXFileReference; lastKnownFileType = sourcecode.swift; path = HomeView.swift; sourceTree = "<group>"; };
		60E860F82C5192DE0097826E /* Assets.xcassets */ = {isa = PBXFileReference; lastKnownFileType = folder.assetcatalog; path = Assets.xcassets; sourceTree = "<group>"; };
		60E860FB2C5192DE0097826E /* Preview Assets.xcassets */ = {isa = PBXFileReference; lastKnownFileType = folder.assetcatalog; path = "Preview Assets.xcassets"; sourceTree = "<group>"; };
		60E861012C5192DF0097826E /* Neurology-iOS-Client-AppTests.xctest */ = {isa = PBXFileReference; explicitFileType = wrapper.cfbundle; includeInIndex = 0; path = "Neurology-iOS-Client-AppTests.xctest"; sourceTree = BUILT_PRODUCTS_DIR; };
		60E8610B2C5192DF0097826E /* Neurology-iOS-Client-AppUITests.xctest */ = {isa = PBXFileReference; explicitFileType = wrapper.cfbundle; includeInIndex = 0; path = "Neurology-iOS-Client-AppUITests.xctest"; sourceTree = BUILT_PRODUCTS_DIR; };
/* End PBXFileReference section */

/* Begin PBXFrameworksBuildPhase section */
		60E860EE2C5192DE0097826E /* Frameworks */ = {
			isa = PBXFrameworksBuildPhase;
			buildActionMask = 2147483647;
			files = (
			);
			runOnlyForDeploymentPostprocessing = 0;
		};
		60E860FE2C5192DF0097826E /* Frameworks */ = {
			isa = PBXFrameworksBuildPhase;
			buildActionMask = 2147483647;
			files = (
			);
			runOnlyForDeploymentPostprocessing = 0;
		};
		60E861082C5192DF0097826E /* Frameworks */ = {
			isa = PBXFrameworksBuildPhase;
			buildActionMask = 2147483647;
			files = (
			);
			runOnlyForDeploymentPostprocessing = 0;
		};
/* End PBXFrameworksBuildPhase section */

/* Begin PBXGroup section */
		08FBF1D12C59B78600F4AE9A /* WebSocketProvider */ = {
			isa = PBXGroup;
			children = (
				08FBF1CE2C59B78600F4AE9A /* NativeWebSocket.swift */,
				08FBF1CF2C59B78600F4AE9A /* StarscreamProvider.swift */,
				08FBF1D02C59B78600F4AE9A /* WebSocketProvider.swift */,
			);
			path = WebSocketProvider;
			sourceTree = "<group>";
		};
		08FBF1D72C59B78600F4AE9A /* Services */ = {
			isa = PBXGroup;
			children = (
				08FBF1D12C59B78600F4AE9A /* WebSocketProvider */,
				08FBF1D22C59B78600F4AE9A /* API.swift */,
				08FBF1D32C59B78600F4AE9A /* Message.swift */,
				08FBF1D42C59B78600F4AE9A /* Peer.swift */,
				08FBF1D52C59B78600F4AE9A /* SignalingClient.swift */,
				08FBF1D62C59B78600F4AE9A /* WebRTCClient.swift */,
			);
			name = Services;
			path = "Neurology-iOS-Client-App/Services";
			sourceTree = SOURCE_ROOT;
		};
		60E860E82C5192DE0097826E = {
			isa = PBXGroup;
			children = (
				60E860F32C5192DE0097826E /* Neurology-iOS-Client-App */,
				60E860F22C5192DE0097826E /* Products */,
			);
			sourceTree = "<group>";
		};
		60E860F22C5192DE0097826E /* Products */ = {
			isa = PBXGroup;
			children = (
				60E860F12C5192DE0097826E /* Neurology-iOS-Client-App.app */,
				60E861012C5192DF0097826E /* Neurology-iOS-Client-AppTests.xctest */,
				60E8610B2C5192DF0097826E /* Neurology-iOS-Client-AppUITests.xctest */,
			);
			name = Products;
			sourceTree = "<group>";
		};
		60E860F32C5192DE0097826E /* Neurology-iOS-Client-App */ = {
			isa = PBXGroup;
			children = (
				08FBF1D72C59B78600F4AE9A /* Services */,
				60E861212C52CCCD0097826E /* Other */,
				60E861202C52CCC40097826E /* Models */,
				60E8611F2C52CCAD0097826E /* ViewModels */,
				60E8611E2C52CCA30097826E /* Views */,
				60E860FA2C5192DE0097826E /* Preview Content */,
			);
			path = "Neurology-iOS-Client-App";
			sourceTree = "<group>";
		};
		60E860FA2C5192DE0097826E /* Preview Content */ = {
			isa = PBXGroup;
			children = (
				60E860FB2C5192DE0097826E /* Preview Assets.xcassets */,
			);
			path = "Preview Content";
			sourceTree = "<group>";
		};
		60E8611E2C52CCA30097826E /* Views */ = {
			isa = PBXGroup;
			children = (
				60E860F62C5192DE0097826E /* HomeView.swift */,
			);
			path = Views;
			sourceTree = "<group>";
		};
		60E8611F2C52CCAD0097826E /* ViewModels */ = {
			isa = PBXGroup;
			children = (
			);
			path = ViewModels;
			sourceTree = "<group>";
		};
		60E861202C52CCC40097826E /* Models */ = {
			isa = PBXGroup;
			children = (
			);
			path = Models;
			sourceTree = "<group>";
		};
		60E861212C52CCCD0097826E /* Other */ = {
			isa = PBXGroup;
			children = (
				60E860F42C5192DE0097826E /* Neurology_iOS_Client_AppApp.swift */,
				60E860F82C5192DE0097826E /* Assets.xcassets */,
			);
			path = Other;
			sourceTree = "<group>";
		};
/* End PBXGroup section */

/* Begin PBXNativeTarget section */
		60E860F02C5192DE0097826E /* Neurology-iOS-Client-App */ = {
			isa = PBXNativeTarget;
			buildConfigurationList = 60E861152C5192DF0097826E /* Build configuration list for PBXNativeTarget "Neurology-iOS-Client-App" */;
			buildPhases = (
				60E860ED2C5192DE0097826E /* Sources */,
				60E860EE2C5192DE0097826E /* Frameworks */,
				60E860EF2C5192DE0097826E /* Resources */,
			);
			buildRules = (
			);
			dependencies = (
			);
			name = "Neurology-iOS-Client-App";
			productName = "Neurology-iOS-Client-App";
			productReference = 60E860F12C5192DE0097826E /* Neurology-iOS-Client-App.app */;
			productType = "com.apple.product-type.application";
		};
		60E861002C5192DF0097826E /* Neurology-iOS-Client-AppTests */ = {
			isa = PBXNativeTarget;
			buildConfigurationList = 60E861182C5192DF0097826E /* Build configuration list for PBXNativeTarget "Neurology-iOS-Client-AppTests" */;
			buildPhases = (
				60E860FD2C5192DF0097826E /* Sources */,
				60E860FE2C5192DF0097826E /* Frameworks */,
				60E860FF2C5192DF0097826E /* Resources */,
			);
			buildRules = (
			);
			dependencies = (
				60E861032C5192DF0097826E /* PBXTargetDependency */,
			);
			name = "Neurology-iOS-Client-AppTests";
			productName = "Neurology-iOS-Client-AppTests";
			productReference = 60E861012C5192DF0097826E /* Neurology-iOS-Client-AppTests.xctest */;
			productType = "com.apple.product-type.bundle.unit-test";
		};
		60E8610A2C5192DF0097826E /* Neurology-iOS-Client-AppUITests */ = {
			isa = PBXNativeTarget;
			buildConfigurationList = 60E8611B2C5192DF0097826E /* Build configuration list for PBXNativeTarget "Neurology-iOS-Client-AppUITests" */;
			buildPhases = (
				60E861072C5192DF0097826E /* Sources */,
				60E861082C5192DF0097826E /* Frameworks */,
				60E861092C5192DF0097826E /* Resources */,
			);
			buildRules = (
			);
			dependencies = (
				60E8610D2C5192DF0097826E /* PBXTargetDependency */,
			);
			name = "Neurology-iOS-Client-AppUITests";
			productName = "Neurology-iOS-Client-AppUITests";
			productReference = 60E8610B2C5192DF0097826E /* Neurology-iOS-Client-AppUITests.xctest */;
			productType = "com.apple.product-type.bundle.ui-testing";
		};
/* End PBXNativeTarget section */

/* Begin PBXProject section */
		60E860E92C5192DE0097826E /* Project object */ = {
			isa = PBXProject;
			attributes = {
				BuildIndependentTargetsInParallel = 1;
				LastSwiftUpdateCheck = 1540;
				LastUpgradeCheck = 1540;
				TargetAttributes = {
					60E860F02C5192DE0097826E = {
						CreatedOnToolsVersion = 15.4;
					};
					60E861002C5192DF0097826E = {
						CreatedOnToolsVersion = 15.4;
						TestTargetID = 60E860F02C5192DE0097826E;
					};
					60E8610A2C5192DF0097826E = {
						CreatedOnToolsVersion = 15.4;
						TestTargetID = 60E860F02C5192DE0097826E;
					};
				};
			};
			buildConfigurationList = 60E860EC2C5192DE0097826E /* Build configuration list for PBXProject "Neurology-iOS-Client-App" */;
			compatibilityVersion = "Xcode 14.0";
			developmentRegion = en;
			hasScannedForEncodings = 0;
			knownRegions = (
				en,
				Base,
			);
			mainGroup = 60E860E82C5192DE0097826E;
			productRefGroup = 60E860F22C5192DE0097826E /* Products */;
			projectDirPath = "";
			projectRoot = "";
			targets = (
				60E860F02C5192DE0097826E /* Neurology-iOS-Client-App */,
				60E861002C5192DF0097826E /* Neurology-iOS-Client-AppTests */,
				60E8610A2C5192DF0097826E /* Neurology-iOS-Client-AppUITests */,
			);
		};
/* End PBXProject section */

/* Begin PBXResourcesBuildPhase section */
		60E860EF2C5192DE0097826E /* Resources */ = {
			isa = PBXResourcesBuildPhase;
			buildActionMask = 2147483647;
			files = (
				60E860FC2C5192DE0097826E /* Preview Assets.xcassets in Resources */,
				60E860F92C5192DE0097826E /* Assets.xcassets in Resources */,
			);
			runOnlyForDeploymentPostprocessing = 0;
		};
		60E860FF2C5192DF0097826E /* Resources */ = {
			isa = PBXResourcesBuildPhase;
			buildActionMask = 2147483647;
			files = (
			);
			runOnlyForDeploymentPostprocessing = 0;
		};
		60E861092C5192DF0097826E /* Resources */ = {
			isa = PBXResourcesBuildPhase;
			buildActionMask = 2147483647;
			files = (
			);
			runOnlyForDeploymentPostprocessing = 0;
		};
/* End PBXResourcesBuildPhase section */

/* Begin PBXSourcesBuildPhase section */
		60E860ED2C5192DE0097826E /* Sources */ = {
			isa = PBXSourcesBuildPhase;
			buildActionMask = 2147483647;
			files = (
				08FBF1DA2C59B78600F4AE9A /* WebSocketProvider.swift in Sources */,
				08FBF1DF2C59B78600F4AE9A /* WebRTCClient.swift in Sources */,
				08FBF1DE2C59B78600F4AE9A /* SignalingClient.swift in Sources */,
				08FBF1DD2C59B78600F4AE9A /* Peer.swift in Sources */,
				08FBF1D82C59B78600F4AE9A /* NativeWebSocket.swift in Sources */,
				60E860F72C5192DE0097826E /* HomeView.swift in Sources */,
				60E860F52C5192DE0097826E /* Neurology_iOS_Client_AppApp.swift in Sources */,
				08FBF1DB2C59B78600F4AE9A /* API.swift in Sources */,
				08FBF1D92C59B78600F4AE9A /* StarscreamProvider.swift in Sources */,
				08FBF1DC2C59B78600F4AE9A /* Message.swift in Sources */,
			);
			runOnlyForDeploymentPostprocessing = 0;
		};
		60E860FD2C5192DF0097826E /* Sources */ = {
			isa = PBXSourcesBuildPhase;
			buildActionMask = 2147483647;
			files = (
			);
			runOnlyForDeploymentPostprocessing = 0;
		};
		60E861072C5192DF0097826E /* Sources */ = {
			isa = PBXSourcesBuildPhase;
			buildActionMask = 2147483647;
			files = (
			);
			runOnlyForDeploymentPostprocessing = 0;
		};
/* End PBXSourcesBuildPhase section */

/* Begin PBXTargetDependency section */
		60E861032C5192DF0097826E /* PBXTargetDependency */ = {
			isa = PBXTargetDependency;
			target = 60E860F02C5192DE0097826E /* Neurology-iOS-Client-App */;
			targetProxy = 60E861022C5192DF0097826E /* PBXContainerItemProxy */;
		};
		60E8610D2C5192DF0097826E /* PBXTargetDependency */ = {
			isa = PBXTargetDependency;
			target = 60E860F02C5192DE0097826E /* Neurology-iOS-Client-App */;
			targetProxy = 60E8610C2C5192DF0097826E /* PBXContainerItemProxy */;
		};
/* End PBXTargetDependency section */

/* Begin XCBuildConfiguration section */
		60E861132C5192DF0097826E /* Debug */ = {
			isa = XCBuildConfiguration;
			buildSettings = {
				ALWAYS_SEARCH_USER_PATHS = NO;
				ASSETCATALOG_COMPILER_GENERATE_SWIFT_ASSET_SYMBOL_EXTENSIONS = YES;
				CLANG_ANALYZER_NONNULL = YES;
				CLANG_ANALYZER_NUMBER_OBJECT_CONVERSION = YES_AGGRESSIVE;
				CLANG_CXX_LANGUAGE_STANDARD = "gnu++20";
				CLANG_ENABLE_MODULES = YES;
				CLANG_ENABLE_OBJC_ARC = YES;
				CLANG_ENABLE_OBJC_WEAK = YES;
				CLANG_WARN_BLOCK_CAPTURE_AUTORELEASING = YES;
				CLANG_WARN_BOOL_CONVERSION = YES;
				CLANG_WARN_COMMA = YES;
				CLANG_WARN_CONSTANT_CONVERSION = YES;
				CLANG_WARN_DEPRECATED_OBJC_IMPLEMENTATIONS = YES;
				CLANG_WARN_DIRECT_OBJC_ISA_USAGE = YES_ERROR;
				CLANG_WARN_DOCUMENTATION_COMMENTS = YES;
				CLANG_WARN_EMPTY_BODY = YES;
				CLANG_WARN_ENUM_CONVERSION = YES;
				CLANG_WARN_INFINITE_RECURSION = YES;
				CLANG_WARN_INT_CONVERSION = YES;
				CLANG_WARN_NON_LITERAL_NULL_CONVERSION = YES;
				CLANG_WARN_OBJC_IMPLICIT_RETAIN_SELF = YES;
				CLANG_WARN_OBJC_LITERAL_CONVERSION = YES;
				CLANG_WARN_OBJC_ROOT_CLASS = YES_ERROR;
				CLANG_WARN_QUOTED_INCLUDE_IN_FRAMEWORK_HEADER = YES;
				CLANG_WARN_RANGE_LOOP_ANALYSIS = YES;
				CLANG_WARN_STRICT_PROTOTYPES = YES;
				CLANG_WARN_SUSPICIOUS_MOVE = YES;
				CLANG_WARN_UNGUARDED_AVAILABILITY = YES_AGGRESSIVE;
				CLANG_WARN_UNREACHABLE_CODE = YES;
				CLANG_WARN__DUPLICATE_METHOD_MATCH = YES;
				COPY_PHASE_STRIP = NO;
				DEBUG_INFORMATION_FORMAT = dwarf;
				ENABLE_STRICT_OBJC_MSGSEND = YES;
				ENABLE_TESTABILITY = YES;
				ENABLE_USER_SCRIPT_SANDBOXING = YES;
				GCC_C_LANGUAGE_STANDARD = gnu17;
				GCC_DYNAMIC_NO_PIC = NO;
				GCC_NO_COMMON_BLOCKS = YES;
				GCC_OPTIMIZATION_LEVEL = 0;
				GCC_PREPROCESSOR_DEFINITIONS = (
					"DEBUG=1",
					"$(inherited)",
				);
				GCC_WARN_64_TO_32_BIT_CONVERSION = YES;
				GCC_WARN_ABOUT_RETURN_TYPE = YES_ERROR;
				GCC_WARN_UNDECLARED_SELECTOR = YES;
				GCC_WARN_UNINITIALIZED_AUTOS = YES_AGGRESSIVE;
				GCC_WARN_UNUSED_FUNCTION = YES;
				GCC_WARN_UNUSED_VARIABLE = YES;
				IPHONEOS_DEPLOYMENT_TARGET = 17.5;
				LOCALIZATION_PREFERS_STRING_CATALOGS = YES;
				MTL_ENABLE_DEBUG_INFO = INCLUDE_SOURCE;
				MTL_FAST_MATH = YES;
				ONLY_ACTIVE_ARCH = YES;
				SDKROOT = iphoneos;
				SWIFT_ACTIVE_COMPILATION_CONDITIONS = "DEBUG $(inherited)";
				SWIFT_OPTIMIZATION_LEVEL = "-Onone";
			};
			name = Debug;
		};
		60E861142C5192DF0097826E /* Release */ = {
			isa = XCBuildConfiguration;
			buildSettings = {
				ALWAYS_SEARCH_USER_PATHS = NO;
				ASSETCATALOG_COMPILER_GENERATE_SWIFT_ASSET_SYMBOL_EXTENSIONS = YES;
				CLANG_ANALYZER_NONNULL = YES;
				CLANG_ANALYZER_NUMBER_OBJECT_CONVERSION = YES_AGGRESSIVE;
				CLANG_CXX_LANGUAGE_STANDARD = "gnu++20";
				CLANG_ENABLE_MODULES = YES;
				CLANG_ENABLE_OBJC_ARC = YES;
				CLANG_ENABLE_OBJC_WEAK = YES;
				CLANG_WARN_BLOCK_CAPTURE_AUTORELEASING = YES;
				CLANG_WARN_BOOL_CONVERSION = YES;
				CLANG_WARN_COMMA = YES;
				CLANG_WARN_CONSTANT_CONVERSION = YES;
				CLANG_WARN_DEPRECATED_OBJC_IMPLEMENTATIONS = YES;
				CLANG_WARN_DIRECT_OBJC_ISA_USAGE = YES_ERROR;
				CLANG_WARN_DOCUMENTATION_COMMENTS = YES;
				CLANG_WARN_EMPTY_BODY = YES;
				CLANG_WARN_ENUM_CONVERSION = YES;
				CLANG_WARN_INFINITE_RECURSION = YES;
				CLANG_WARN_INT_CONVERSION = YES;
				CLANG_WARN_NON_LITERAL_NULL_CONVERSION = YES;
				CLANG_WARN_OBJC_IMPLICIT_RETAIN_SELF = YES;
				CLANG_WARN_OBJC_LITERAL_CONVERSION = YES;
				CLANG_WARN_OBJC_ROOT_CLASS = YES_ERROR;
				CLANG_WARN_QUOTED_INCLUDE_IN_FRAMEWORK_HEADER = YES;
				CLANG_WARN_RANGE_LOOP_ANALYSIS = YES;
				CLANG_WARN_STRICT_PROTOTYPES = YES;
				CLANG_WARN_SUSPICIOUS_MOVE = YES;
				CLANG_WARN_UNGUARDED_AVAILABILITY = YES_AGGRESSIVE;
				CLANG_WARN_UNREACHABLE_CODE = YES;
				CLANG_WARN__DUPLICATE_METHOD_MATCH = YES;
				COPY_PHASE_STRIP = NO;
				DEBUG_INFORMATION_FORMAT = "dwarf-with-dsym";
				ENABLE_NS_ASSERTIONS = NO;
				ENABLE_STRICT_OBJC_MSGSEND = YES;
				ENABLE_USER_SCRIPT_SANDBOXING = YES;
				GCC_C_LANGUAGE_STANDARD = gnu17;
				GCC_NO_COMMON_BLOCKS = YES;
				GCC_WARN_64_TO_32_BIT_CONVERSION = YES;
				GCC_WARN_ABOUT_RETURN_TYPE = YES_ERROR;
				GCC_WARN_UNDECLARED_SELECTOR = YES;
				GCC_WARN_UNINITIALIZED_AUTOS = YES_AGGRESSIVE;
				GCC_WARN_UNUSED_FUNCTION = YES;
				GCC_WARN_UNUSED_VARIABLE = YES;
				IPHONEOS_DEPLOYMENT_TARGET = 17.5;
				LOCALIZATION_PREFERS_STRING_CATALOGS = YES;
				MTL_ENABLE_DEBUG_INFO = NO;
				MTL_FAST_MATH = YES;
				SDKROOT = iphoneos;
				SWIFT_COMPILATION_MODE = wholemodule;
				VALIDATE_PRODUCT = YES;
			};
			name = Release;
		};
		60E861162C5192DF0097826E /* Debug */ = {
			isa = XCBuildConfiguration;
			buildSettings = {
				ASSETCATALOG_COMPILER_APPICON_NAME = AppIcon;
				ASSETCATALOG_COMPILER_GLOBAL_ACCENT_COLOR_NAME = AccentColor;
				CODE_SIGN_STYLE = Automatic;
				CURRENT_PROJECT_VERSION = 1;
				DEVELOPMENT_ASSET_PATHS = "\"Neurology-iOS-Client-App/Preview Content\"";
				DEVELOPMENT_TEAM = 8MSLQL5SWW;
				ENABLE_PREVIEWS = YES;
				GENERATE_INFOPLIST_FILE = YES;
				INFOPLIST_KEY_UIApplicationSceneManifest_Generation = YES;
				INFOPLIST_KEY_UIApplicationSupportsIndirectInputEvents = YES;
				INFOPLIST_KEY_UILaunchScreen_Generation = YES;
				INFOPLIST_KEY_UISupportedInterfaceOrientations_iPad = "UIInterfaceOrientationPortrait UIInterfaceOrientationPortraitUpsideDown UIInterfaceOrientationLandscapeLeft UIInterfaceOrientationLandscapeRight";
				INFOPLIST_KEY_UISupportedInterfaceOrientations_iPhone = "UIInterfaceOrientationPortrait UIInterfaceOrientationLandscapeLeft UIInterfaceOrientationLandscapeRight";
				LD_RUNPATH_SEARCH_PATHS = (
					"$(inherited)",
					"@executable_path/Frameworks",
				);
				MARKETING_VERSION = 1.0;
				PRODUCT_BUNDLE_IDENTIFIER = "Com.Lauren.Neurology-iOS-Client-App";
				PRODUCT_NAME = "$(TARGET_NAME)";
				SWIFT_EMIT_LOC_STRINGS = YES;
				SWIFT_VERSION = 5.0;
				TARGETED_DEVICE_FAMILY = "1,2";
			};
			name = Debug;
		};
		60E861172C5192DF0097826E /* Release */ = {
			isa = XCBuildConfiguration;
			buildSettings = {
				ASSETCATALOG_COMPILER_APPICON_NAME = AppIcon;
				ASSETCATALOG_COMPILER_GLOBAL_ACCENT_COLOR_NAME = AccentColor;
				CODE_SIGN_STYLE = Automatic;
				CURRENT_PROJECT_VERSION = 1;
				DEVELOPMENT_ASSET_PATHS = "\"Neurology-iOS-Client-App/Preview Content\"";
				DEVELOPMENT_TEAM = 8MSLQL5SWW;
				ENABLE_PREVIEWS = YES;
				GENERATE_INFOPLIST_FILE = YES;
				INFOPLIST_KEY_UIApplicationSceneManifest_Generation = YES;
				INFOPLIST_KEY_UIApplicationSupportsIndirectInputEvents = YES;
				INFOPLIST_KEY_UILaunchScreen_Generation = YES;
				INFOPLIST_KEY_UISupportedInterfaceOrientations_iPad = "UIInterfaceOrientationPortrait UIInterfaceOrientationPortraitUpsideDown UIInterfaceOrientationLandscapeLeft UIInterfaceOrientationLandscapeRight";
				INFOPLIST_KEY_UISupportedInterfaceOrientations_iPhone = "UIInterfaceOrientationPortrait UIInterfaceOrientationLandscapeLeft UIInterfaceOrientationLandscapeRight";
				LD_RUNPATH_SEARCH_PATHS = (
					"$(inherited)",
					"@executable_path/Frameworks",
				);
				MARKETING_VERSION = 1.0;
				PRODUCT_BUNDLE_IDENTIFIER = "Com.Lauren.Neurology-iOS-Client-App";
				PRODUCT_NAME = "$(TARGET_NAME)";
				SWIFT_EMIT_LOC_STRINGS = YES;
				SWIFT_VERSION = 5.0;
				TARGETED_DEVICE_FAMILY = "1,2";
			};
			name = Release;
		};
		60E861192C5192DF0097826E /* Debug */ = {
			isa = XCBuildConfiguration;
			buildSettings = {
				ALWAYS_EMBED_SWIFT_STANDARD_LIBRARIES = YES;
				BUNDLE_LOADER = "$(TEST_HOST)";
				CODE_SIGN_STYLE = Automatic;
				CURRENT_PROJECT_VERSION = 1;
				DEVELOPMENT_TEAM = 8MSLQL5SWW;
				GENERATE_INFOPLIST_FILE = YES;
				IPHONEOS_DEPLOYMENT_TARGET = 17.5;
				MARKETING_VERSION = 1.0;
				PRODUCT_BUNDLE_IDENTIFIER = "Com.Lauren.Neurology-iOS-Client-AppTests";
				PRODUCT_NAME = "$(TARGET_NAME)";
				SWIFT_EMIT_LOC_STRINGS = NO;
				SWIFT_VERSION = 5.0;
				TARGETED_DEVICE_FAMILY = "1,2";
				TEST_HOST = "$(BUILT_PRODUCTS_DIR)/Neurology-iOS-Client-App.app/$(BUNDLE_EXECUTABLE_FOLDER_PATH)/Neurology-iOS-Client-App";
			};
			name = Debug;
		};
		60E8611A2C5192DF0097826E /* Release */ = {
			isa = XCBuildConfiguration;
			buildSettings = {
				ALWAYS_EMBED_SWIFT_STANDARD_LIBRARIES = YES;
				BUNDLE_LOADER = "$(TEST_HOST)";
				CODE_SIGN_STYLE = Automatic;
				CURRENT_PROJECT_VERSION = 1;
				DEVELOPMENT_TEAM = 8MSLQL5SWW;
				GENERATE_INFOPLIST_FILE = YES;
				IPHONEOS_DEPLOYMENT_TARGET = 17.5;
				MARKETING_VERSION = 1.0;
				PRODUCT_BUNDLE_IDENTIFIER = "Com.Lauren.Neurology-iOS-Client-AppTests";
				PRODUCT_NAME = "$(TARGET_NAME)";
				SWIFT_EMIT_LOC_STRINGS = NO;
				SWIFT_VERSION = 5.0;
				TARGETED_DEVICE_FAMILY = "1,2";
				TEST_HOST = "$(BUILT_PRODUCTS_DIR)/Neurology-iOS-Client-App.app/$(BUNDLE_EXECUTABLE_FOLDER_PATH)/Neurology-iOS-Client-App";
			};
			name = Release;
		};
		60E8611C2C5192DF0097826E /* Debug */ = {
			isa = XCBuildConfiguration;
			buildSettings = {
				ALWAYS_EMBED_SWIFT_STANDARD_LIBRARIES = YES;
				CODE_SIGN_STYLE = Automatic;
				CURRENT_PROJECT_VERSION = 1;
				DEVELOPMENT_TEAM = 8MSLQL5SWW;
				GENERATE_INFOPLIST_FILE = YES;
				MARKETING_VERSION = 1.0;
				PRODUCT_BUNDLE_IDENTIFIER = "Com.Lauren.Neurology-iOS-Client-AppUITests";
				PRODUCT_NAME = "$(TARGET_NAME)";
				SWIFT_EMIT_LOC_STRINGS = NO;
				SWIFT_VERSION = 5.0;
				TARGETED_DEVICE_FAMILY = "1,2";
				TEST_TARGET_NAME = "Neurology-iOS-Client-App";
			};
			name = Debug;
		};
		60E8611D2C5192DF0097826E /* Release */ = {
			isa = XCBuildConfiguration;
			buildSettings = {
				ALWAYS_EMBED_SWIFT_STANDARD_LIBRARIES = YES;
				CODE_SIGN_STYLE = Automatic;
				CURRENT_PROJECT_VERSION = 1;
				DEVELOPMENT_TEAM = 8MSLQL5SWW;
				GENERATE_INFOPLIST_FILE = YES;
				MARKETING_VERSION = 1.0;
				PRODUCT_BUNDLE_IDENTIFIER = "Com.Lauren.Neurology-iOS-Client-AppUITests";
				PRODUCT_NAME = "$(TARGET_NAME)";
				SWIFT_EMIT_LOC_STRINGS = NO;
				SWIFT_VERSION = 5.0;
				TARGETED_DEVICE_FAMILY = "1,2";
				TEST_TARGET_NAME = "Neurology-iOS-Client-App";
			};
			name = Release;
		};
/* End XCBuildConfiguration section */

/* Begin XCConfigurationList section */
		60E860EC2C5192DE0097826E /* Build configuration list for PBXProject "Neurology-iOS-Client-App" */ = {
			isa = XCConfigurationList;
			buildConfigurations = (
				60E861132C5192DF0097826E /* Debug */,
				60E861142C5192DF0097826E /* Release */,
			);
			defaultConfigurationIsVisible = 0;
			defaultConfigurationName = Release;
		};
		60E861152C5192DF0097826E /* Build configuration list for PBXNativeTarget "Neurology-iOS-Client-App" */ = {
			isa = XCConfigurationList;
			buildConfigurations = (
				60E861162C5192DF0097826E /* Debug */,
				60E861172C5192DF0097826E /* Release */,
			);
			defaultConfigurationIsVisible = 0;
			defaultConfigurationName = Release;
		};
		60E861182C5192DF0097826E /* Build configuration list for PBXNativeTarget "Neurology-iOS-Client-AppTests" */ = {
			isa = XCConfigurationList;
			buildConfigurations = (
				60E861192C5192DF0097826E /* Debug */,
				60E8611A2C5192DF0097826E /* Release */,
			);
			defaultConfigurationIsVisible = 0;
			defaultConfigurationName = Release;
		};
		60E8611B2C5192DF0097826E /* Build configuration list for PBXNativeTarget "Neurology-iOS-Client-AppUITests" */ = {
			isa = XCConfigurationList;
			buildConfigurations = (
				60E8611C2C5192DF0097826E /* Debug */,
				60E8611D2C5192DF0097826E /* Release */,
			);
			defaultConfigurationIsVisible = 0;
			defaultConfigurationName = Release;
		};
/* End XCConfigurationList section */
	};
	rootObject = 60E860E92C5192DE0097826E /* Project object */;
}
