// !$*UTF8*$!
{
	archiveVersion = 1;
	classes = {
	};
	objectVersion = 63;
	objects = {

/* Begin PBXBuildFile section */
		080411D92C6BB1C60019364A /* PushNotificationManager.swift in Sources */ = {isa = PBXBuildFile; fileRef = 080411D82C6BB1C60019364A /* PushNotificationManager.swift */; };
		0813C0AF2C61538700CF5C70 /* CallView.swift in Sources */ = {isa = PBXBuildFile; fileRef = 60F68C252C5ABB3D00933EE3 /* CallView.swift */; };
		0813C0B02C61539200CF5C70 /* HomeView.swift in Sources */ = {isa = PBXBuildFile; fileRef = 60E860F62C5192DE0097826E /* HomeView.swift */; };
		0813C0B22C6155B200CF5C70 /* AppDelegate.swift in Sources */ = {isa = PBXBuildFile; fileRef = 0813C0B12C6155B200CF5C70 /* AppDelegate.swift */; };
		0813C0B42C6159A200CF5C70 /* WebRTCClient.swift in Sources */ = {isa = PBXBuildFile; fileRef = 08FBF1D62C59B78600F4AE9A /* WebRTCClient.swift */; };
		0813C0B52C6159A200CF5C70 /* API.swift in Sources */ = {isa = PBXBuildFile; fileRef = 08FBF1D22C59B78600F4AE9A /* API.swift */; };
		0813C0B62C6159A200CF5C70 /* SignalingClient.swift in Sources */ = {isa = PBXBuildFile; fileRef = 08FBF1D52C59B78600F4AE9A /* SignalingClient.swift */; };
		0813C0B72C6159A200CF5C70 /* PeerJSOption.swift in Sources */ = {isa = PBXBuildFile; fileRef = 0813C0B32C6159A200CF5C70 /* PeerJSOption.swift */; };
		0813C0B82C6159A200CF5C70 /* Config.swift in Sources */ = {isa = PBXBuildFile; fileRef = 08EEC3232C5BF9E70086C228 /* Config.swift */; };
		088B348E2C5C03A000094A02 /* Neuro_AppApp.swift in Sources */ = {isa = PBXBuildFile; fileRef = 088B348D2C5C03A000094A02 /* Neuro_AppApp.swift */; };
		088B34922C5C03A100094A02 /* Assets.xcassets in Resources */ = {isa = PBXBuildFile; fileRef = 088B34912C5C03A100094A02 /* Assets.xcassets */; };
		088B34952C5C03A100094A02 /* Preview Assets.xcassets in Resources */ = {isa = PBXBuildFile; fileRef = 088B34942C5C03A100094A02 /* Preview Assets.xcassets */; };
		088B349A2C5C03DA00094A02 /* WebRTC in Frameworks */ = {isa = PBXBuildFile; productRef = 088B34992C5C03DA00094A02 /* WebRTC */; };
		0894AAB22CEFD14500387B0C /* Neuro_AppTests.swift in Sources */ = {isa = PBXBuildFile; fileRef = 0894AAB12CEFD14500387B0C /* Neuro_AppTests.swift */; };
		08A99ED52C6297E20046D4A7 /* SignInView.swift in Sources */ = {isa = PBXBuildFile; fileRef = 08A99ED42C6297E20046D4A7 /* SignInView.swift */; };
		08A99ED82C6297FA0046D4A7 /* NativeWebSocket.swift in Sources */ = {isa = PBXBuildFile; fileRef = 08A99ED62C6297FA0046D4A7 /* NativeWebSocket.swift */; };
		08A99ED92C6297FA0046D4A7 /* WebSocketProvider.swift in Sources */ = {isa = PBXBuildFile; fileRef = 08A99ED72C6297FA0046D4A7 /* WebSocketProvider.swift */; };
		08E4E3B72C7E50DC0043D541 /* RTCVideoWrapper.swift in Sources */ = {isa = PBXBuildFile; fileRef = 08E4E3B62C7E50DC0043D541 /* RTCVideoWrapper.swift */; };
		08E4E3B92C7E529B0043D541 /* RTCVideoView.swift in Sources */ = {isa = PBXBuildFile; fileRef = 08E4E3B82C7E529B0043D541 /* RTCVideoView.swift */; };
		60140A512CAAFB4800E61908 /* CoreData.framework in Frameworks */ = {isa = PBXBuildFile; fileRef = 60140A502CAAFB4800E61908 /* CoreData.framework */; };
		60140A6B2CAED8BB00E61908 /* NeuroDataModel.xcdatamodeld in Sources */ = {isa = PBXBuildFile; fileRef = 60140A692CAED8BB00E61908 /* NeuroDataModel.xcdatamodeld */; };
		60140A712CAEE2F400E61908 /* SavedFormDetailView.swift in Sources */ = {isa = PBXBuildFile; fileRef = 60140A702CAEE2F400E61908 /* SavedFormDetailView.swift */; };
		60B7690B2C9B818C00CC8343 /* StrokeScaleFormView.swift in Sources */ = {isa = PBXBuildFile; fileRef = 60B7690A2C9B818100CC8343 /* StrokeScaleFormView.swift */; };
		60B7690F2CA32CE000CC8343 /* SavedFormsView.swift in Sources */ = {isa = PBXBuildFile; fileRef = 60B7690E2CA32CD500CC8343 /* SavedFormsView.swift */; };
/* End PBXBuildFile section */

/* Begin PBXContainerItemProxy section */
		0894AAB32CEFD14500387B0C /* PBXContainerItemProxy */ = {
			isa = PBXContainerItemProxy;
			containerPortal = 60E860E92C5192DE0097826E /* Project object */;
			proxyType = 1;
			remoteGlobalIDString = 088B348A2C5C03A000094A02;
			remoteInfo = "Neuro App";
		};
/* End PBXContainerItemProxy section */

/* Begin PBXFileReference section */
		080411D72C6A88EB0019364A /* Neuro App.entitlements */ = {isa = PBXFileReference; lastKnownFileType = text.plist.entitlements; path = "Neuro App.entitlements"; sourceTree = "<group>"; };
		080411D82C6BB1C60019364A /* PushNotificationManager.swift */ = {isa = PBXFileReference; lastKnownFileType = sourcecode.swift; path = PushNotificationManager.swift; sourceTree = "<group>"; };
		0813C0B12C6155B200CF5C70 /* AppDelegate.swift */ = {isa = PBXFileReference; lastKnownFileType = sourcecode.swift; path = AppDelegate.swift; sourceTree = "<group>"; };
		0813C0B32C6159A200CF5C70 /* PeerJSOption.swift */ = {isa = PBXFileReference; lastKnownFileType = sourcecode.swift; path = PeerJSOption.swift; sourceTree = "<group>"; };
		088B345D2C5C023F00094A02 /* Neuro_AppApp.swift */ = {isa = PBXFileReference; lastKnownFileType = sourcecode.swift; path = Neuro_AppApp.swift; sourceTree = "<group>"; };
		088B345F2C5C023F00094A02 /* ContentView.swift */ = {isa = PBXFileReference; lastKnownFileType = sourcecode.swift; path = ContentView.swift; sourceTree = "<group>"; };
		088B34612C5C024000094A02 /* Assets.xcassets */ = {isa = PBXFileReference; lastKnownFileType = folder.assetcatalog; path = Assets.xcassets; sourceTree = "<group>"; };
		088B34642C5C024000094A02 /* Preview Assets.xcassets */ = {isa = PBXFileReference; lastKnownFileType = folder.assetcatalog; path = "Preview Assets.xcassets"; sourceTree = "<group>"; };
		088B346E2C5C024000094A02 /* Neuro_AppTests.swift */ = {isa = PBXFileReference; lastKnownFileType = sourcecode.swift; path = Neuro_AppTests.swift; sourceTree = "<group>"; };
		088B34782C5C024000094A02 /* Neuro_AppUITests.swift */ = {isa = PBXFileReference; lastKnownFileType = sourcecode.swift; path = Neuro_AppUITests.swift; sourceTree = "<group>"; };
		088B347A2C5C024000094A02 /* Neuro_AppUITestsLaunchTests.swift */ = {isa = PBXFileReference; lastKnownFileType = sourcecode.swift; path = Neuro_AppUITestsLaunchTests.swift; sourceTree = "<group>"; };
		088B348B2C5C03A000094A02 /* Neuro App.app */ = {isa = PBXFileReference; explicitFileType = wrapper.application; includeInIndex = 0; path = "Neuro App.app"; sourceTree = BUILT_PRODUCTS_DIR; };
		088B348D2C5C03A000094A02 /* Neuro_AppApp.swift */ = {isa = PBXFileReference; lastKnownFileType = sourcecode.swift; path = Neuro_AppApp.swift; sourceTree = "<group>"; };
		088B34912C5C03A100094A02 /* Assets.xcassets */ = {isa = PBXFileReference; lastKnownFileType = folder.assetcatalog; path = Assets.xcassets; sourceTree = "<group>"; };
		088B34942C5C03A100094A02 /* Preview Assets.xcassets */ = {isa = PBXFileReference; lastKnownFileType = folder.assetcatalog; path = "Preview Assets.xcassets"; sourceTree = "<group>"; };
		0894AAAF2CEFD14500387B0C /* Neuro AppTests.xctest */ = {isa = PBXFileReference; explicitFileType = wrapper.cfbundle; includeInIndex = 0; path = "Neuro AppTests.xctest"; sourceTree = BUILT_PRODUCTS_DIR; };
		0894AAB12CEFD14500387B0C /* Neuro_AppTests.swift */ = {isa = PBXFileReference; lastKnownFileType = sourcecode.swift; path = Neuro_AppTests.swift; sourceTree = "<group>"; };
		08A99ED42C6297E20046D4A7 /* SignInView.swift */ = {isa = PBXFileReference; fileEncoding = 4; lastKnownFileType = sourcecode.swift; path = SignInView.swift; sourceTree = "<group>"; };
		08A99ED62C6297FA0046D4A7 /* NativeWebSocket.swift */ = {isa = PBXFileReference; lastKnownFileType = sourcecode.swift; path = NativeWebSocket.swift; sourceTree = "<group>"; };
		08A99ED72C6297FA0046D4A7 /* WebSocketProvider.swift */ = {isa = PBXFileReference; lastKnownFileType = sourcecode.swift; path = WebSocketProvider.swift; sourceTree = "<group>"; };
		08E4E3B62C7E50DC0043D541 /* RTCVideoWrapper.swift */ = {isa = PBXFileReference; lastKnownFileType = sourcecode.swift; name = RTCVideoWrapper.swift; path = ../RTCVideoWrapper.swift; sourceTree = "<group>"; };
		08E4E3B82C7E529B0043D541 /* RTCVideoView.swift */ = {isa = PBXFileReference; lastKnownFileType = sourcecode.swift; path = RTCVideoView.swift; sourceTree = "<group>"; };
		08EEC3212C5AD5E30086C228 /* PeerJSOption.swift */ = {isa = PBXFileReference; fileEncoding = 4; lastKnownFileType = sourcecode.swift; name = PeerJSOption.swift; path = "../../../../../Desktop/WebRTC-iOS/WebRTC-Demo-App/Sources/Extensions/PeerJSOption.swift"; sourceTree = "<group>"; };
		08EEC3232C5BF9E70086C228 /* Config.swift */ = {isa = PBXFileReference; lastKnownFileType = sourcecode.swift; path = Config.swift; sourceTree = "<group>"; };
		08F4A02B2C6D3C9000234934 /* Neuro-App-Info.plist */ = {isa = PBXFileReference; lastKnownFileType = text.plist.xml; path = "Neuro-App-Info.plist"; sourceTree = SOURCE_ROOT; };
		08FBF1CE2C59B78600F4AE9A /* NativeWebSocket.swift */ = {isa = PBXFileReference; fileEncoding = 4; lastKnownFileType = sourcecode.swift; path = NativeWebSocket.swift; sourceTree = "<group>"; };
		08FBF1CF2C59B78600F4AE9A /* StarscreamProvider.swift */ = {isa = PBXFileReference; fileEncoding = 4; lastKnownFileType = sourcecode.swift; path = StarscreamProvider.swift; sourceTree = "<group>"; };
		08FBF1D02C59B78600F4AE9A /* WebSocketProvider.swift */ = {isa = PBXFileReference; fileEncoding = 4; lastKnownFileType = sourcecode.swift; path = WebSocketProvider.swift; sourceTree = "<group>"; };
		08FBF1D22C59B78600F4AE9A /* API.swift */ = {isa = PBXFileReference; fileEncoding = 4; lastKnownFileType = sourcecode.swift; path = API.swift; sourceTree = "<group>"; };
		08FBF1D52C59B78600F4AE9A /* SignalingClient.swift */ = {isa = PBXFileReference; fileEncoding = 4; lastKnownFileType = sourcecode.swift; path = SignalingClient.swift; sourceTree = "<group>"; };
		08FBF1D62C59B78600F4AE9A /* WebRTCClient.swift */ = {isa = PBXFileReference; fileEncoding = 4; lastKnownFileType = sourcecode.swift; path = WebRTCClient.swift; sourceTree = "<group>"; };
		60140A502CAAFB4800E61908 /* CoreData.framework */ = {isa = PBXFileReference; lastKnownFileType = wrapper.framework; name = CoreData.framework; path = System/Library/Frameworks/CoreData.framework; sourceTree = SDKROOT; };
		60140A6A2CAED8BB00E61908 /* NeuroDataModel.xcdatamodel */ = {isa = PBXFileReference; lastKnownFileType = wrapper.xcdatamodel; path = NeuroDataModel.xcdatamodel; sourceTree = "<group>"; };
		60140A702CAEE2F400E61908 /* SavedFormDetailView.swift */ = {isa = PBXFileReference; lastKnownFileType = sourcecode.swift; path = SavedFormDetailView.swift; sourceTree = "<group>"; };
		60B7690A2C9B818100CC8343 /* StrokeScaleFormView.swift */ = {isa = PBXFileReference; lastKnownFileType = sourcecode.swift; path = StrokeScaleFormView.swift; sourceTree = "<group>"; };
		60B7690E2CA32CD500CC8343 /* SavedFormsView.swift */ = {isa = PBXFileReference; lastKnownFileType = sourcecode.swift; path = SavedFormsView.swift; sourceTree = "<group>"; };
		60E860F62C5192DE0097826E /* HomeView.swift */ = {isa = PBXFileReference; lastKnownFileType = sourcecode.swift; path = HomeView.swift; sourceTree = "<group>"; };
		60F68C252C5ABB3D00933EE3 /* CallView.swift */ = {isa = PBXFileReference; lastKnownFileType = sourcecode.swift; path = CallView.swift; sourceTree = "<group>"; };
/* End PBXFileReference section */

/* Begin PBXFrameworksBuildPhase section */
		088B34882C5C03A000094A02 /* Frameworks */ = {
			isa = PBXFrameworksBuildPhase;
			buildActionMask = 2147483647;
			files = (
				088B349A2C5C03DA00094A02 /* WebRTC in Frameworks */,
				60140A512CAAFB4800E61908 /* CoreData.framework in Frameworks */,
			);
			runOnlyForDeploymentPostprocessing = 0;
		};
		0894AAAC2CEFD14500387B0C /* Frameworks */ = {
			isa = PBXFrameworksBuildPhase;
			buildActionMask = 2147483647;
			files = (
			);
			runOnlyForDeploymentPostprocessing = 0;
		};
/* End PBXFrameworksBuildPhase section */

/* Begin PBXGroup section */
		088B345C2C5C023F00094A02 /* Neuro App */ = {
			isa = PBXGroup;
			children = (
				08F4A02B2C6D3C9000234934 /* Neuro-App-Info.plist */,
				080411D72C6A88EB0019364A /* Neuro App.entitlements */,
				08A99ED72C6297FA0046D4A7 /* WebSocketProvider.swift */,
				08FBF1D22C59B78600F4AE9A /* API.swift */,
				08A99ED62C6297FA0046D4A7 /* NativeWebSocket.swift */,
				08FBF1D52C59B78600F4AE9A /* SignalingClient.swift */,
				08FBF1D62C59B78600F4AE9A /* WebRTCClient.swift */,
				0813C0B32C6159A200CF5C70 /* PeerJSOption.swift */,
				08FBF1D72C59B78600F4AE9A /* Services */,
				088B348D2C5C03A000094A02 /* Neuro_AppApp.swift */,
				60B7690A2C9B818100CC8343 /* StrokeScaleFormView.swift */,
				60E860F62C5192DE0097826E /* HomeView.swift */,
				60140A702CAEE2F400E61908 /* SavedFormDetailView.swift */,
				08EEC3232C5BF9E70086C228 /* Config.swift */,
				60F68C252C5ABB3D00933EE3 /* CallView.swift */,
				60B7690E2CA32CD500CC8343 /* SavedFormsView.swift */,
				60140A692CAED8BB00E61908 /* NeuroDataModel.xcdatamodeld */,
				08E4E3B62C7E50DC0043D541 /* RTCVideoWrapper.swift */,
				08E4E3B82C7E529B0043D541 /* RTCVideoView.swift */,
				088B34912C5C03A100094A02 /* Assets.xcassets */,
				088B34932C5C03A100094A02 /* Preview Content */,
				0813C0B12C6155B200CF5C70 /* AppDelegate.swift */,
				080411D82C6BB1C60019364A /* PushNotificationManager.swift */,
				08A99ED42C6297E20046D4A7 /* SignInView.swift */,
				088B345D2C5C023F00094A02 /* Neuro_AppApp.swift */,
				088B345F2C5C023F00094A02 /* ContentView.swift */,
				088B34612C5C024000094A02 /* Assets.xcassets */,
				088B34632C5C024000094A02 /* Preview Content */,
			);
			path = "Neuro App";
			sourceTree = "<group>";
		};
		088B34632C5C024000094A02 /* Preview Content */ = {
			isa = PBXGroup;
			children = (
				088B34642C5C024000094A02 /* Preview Assets.xcassets */,
			);
			path = "Preview Content";
			sourceTree = "<group>";
		};
		088B346D2C5C024000094A02 /* Neuro AppTests */ = {
			isa = PBXGroup;
			children = (
				088B346E2C5C024000094A02 /* Neuro_AppTests.swift */,
			);
			path = "Neuro AppTests";
			sourceTree = "<group>";
		};
		088B34772C5C024000094A02 /* Neuro AppUITests */ = {
			isa = PBXGroup;
			children = (
				088B34782C5C024000094A02 /* Neuro_AppUITests.swift */,
				088B347A2C5C024000094A02 /* Neuro_AppUITestsLaunchTests.swift */,
			);
			path = "Neuro AppUITests";
			sourceTree = "<group>";
		};
		088B34932C5C03A100094A02 /* Preview Content */ = {
			isa = PBXGroup;
			children = (
				088B34942C5C03A100094A02 /* Preview Assets.xcassets */,
			);
			path = "Preview Content";
			sourceTree = "<group>";
		};
		0894AAB02CEFD14500387B0C /* Neuro AppTests */ = {
			isa = PBXGroup;
			children = (
				0894AAB12CEFD14500387B0C /* Neuro_AppTests.swift */,
			);
			path = "Neuro AppTests";
			sourceTree = "<group>";
		};
		08FBF1D12C59B78600F4AE9A /* WebSocketProvider */ = {
			isa = PBXGroup;
			children = (
				08FBF1CE2C59B78600F4AE9A /* NativeWebSocket.swift */,
				08FBF1CF2C59B78600F4AE9A /* StarscreamProvider.swift */,
				08FBF1D02C59B78600F4AE9A /* WebSocketProvider.swift */,
			);
			path = WebSocketProvider;
			sourceTree = "<group>";
		};
		08FBF1D72C59B78600F4AE9A /* Services */ = {
			isa = PBXGroup;
			children = (
				08EEC3212C5AD5E30086C228 /* PeerJSOption.swift */,
				08FBF1D12C59B78600F4AE9A /* WebSocketProvider */,
			);
			name = Services;
			path = "Neuro App/Services";
			sourceTree = SOURCE_ROOT;
		};
		60E860E82C5192DE0097826E = {
			isa = PBXGroup;
			children = (
				088B345C2C5C023F00094A02 /* Neuro App */,
				088B346D2C5C024000094A02 /* Neuro AppTests */,
				088B34772C5C024000094A02 /* Neuro AppUITests */,
				0894AAB02CEFD14500387B0C /* Neuro AppTests */,
				60E861222C5A84E00097826E /* Frameworks */,
				088B348B2C5C03A000094A02 /* Neuro App.app */,
				0894AAAF2CEFD14500387B0C /* Neuro AppTests.xctest */,
			);
			sourceTree = "<group>";
		};
		60E861222C5A84E00097826E /* Frameworks */ = {
			isa = PBXGroup;
			children = (
				60140A502CAAFB4800E61908 /* CoreData.framework */,
			);
			name = Frameworks;
			sourceTree = "<group>";
		};
/* End PBXGroup section */

/* Begin PBXNativeTarget section */
		088B348A2C5C03A000094A02 /* Neuro App */ = {
			isa = PBXNativeTarget;
			buildConfigurationList = 088B34962C5C03A100094A02 /* Build configuration list for PBXNativeTarget "Neuro App" */;
			buildPhases = (
				088B34872C5C03A000094A02 /* Sources */,
				088B34882C5C03A000094A02 /* Frameworks */,
				088B34892C5C03A000094A02 /* Resources */,
			);
			buildRules = (
			);
			dependencies = (
			);
			name = "Neuro App";
			packageProductDependencies = (
				088B34992C5C03DA00094A02 /* WebRTC */,
			);
			productName = "Neuro App";
			productReference = 088B348B2C5C03A000094A02 /* Neuro App.app */;
			productType = "com.apple.product-type.application";
		};
		0894AAAE2CEFD14500387B0C /* Neuro AppTests */ = {
			isa = PBXNativeTarget;
			buildConfigurationList = 0894AAB72CEFD14500387B0C /* Build configuration list for PBXNativeTarget "Neuro AppTests" */;
			buildPhases = (
				0894AAAB2CEFD14500387B0C /* Sources */,
				0894AAAC2CEFD14500387B0C /* Frameworks */,
				0894AAAD2CEFD14500387B0C /* Resources */,
			);
			buildRules = (
			);
			dependencies = (
				0894AAB42CEFD14500387B0C /* PBXTargetDependency */,
			);
			name = "Neuro AppTests";
			productName = "Neuro AppTests";
			productReference = 0894AAAF2CEFD14500387B0C /* Neuro AppTests.xctest */;
			productType = "com.apple.product-type.bundle.unit-test";
		};
/* End PBXNativeTarget section */

/* Begin PBXProject section */
		60E860E92C5192DE0097826E /* Project object */ = {
			isa = PBXProject;
			attributes = {
				BuildIndependentTargetsInParallel = YES;
				KnownAssetTags = (
					New,
				);
				LastSwiftUpdateCheck = 1530;
				LastUpgradeCheck = 1540;
				TargetAttributes = {
					088B348A2C5C03A000094A02 = {
						CreatedOnToolsVersion = 15.3;
					};
					0894AAAE2CEFD14500387B0C = {
						CreatedOnToolsVersion = 15.3;
						TestTargetID = 088B348A2C5C03A000094A02;
					};
				};
			};
			buildConfigurationList = 60E860EC2C5192DE0097826E /* Build configuration list for PBXProject "Neurology-iOS-Client-App" */;
			compatibilityVersion = "Xcode 15.3";
			developmentRegion = en;
			hasScannedForEncodings = 0;
			knownRegions = (
				en,
				Base,
			);
			mainGroup = 60E860E82C5192DE0097826E;
			packageReferences = (
				08FBF1E02C59B83500F4AE9A /* XCRemoteSwiftPackageReference "WebRTC" */,
				0837970E2CE67B87005DA012 /* XCRemoteSwiftPackageReference "SwiftLint" */,
			);
			productRefGroup = 60E860E82C5192DE0097826E;
			projectDirPath = "";
			projectRoot = "";
			targets = (
				088B348A2C5C03A000094A02 /* Neuro App */,
				0894AAAE2CEFD14500387B0C /* Neuro AppTests */,
			);
		};
/* End PBXProject section */

/* Begin PBXResourcesBuildPhase section */
		088B34892C5C03A000094A02 /* Resources */ = {
			isa = PBXResourcesBuildPhase;
			buildActionMask = 2147483647;
			files = (
				088B34952C5C03A100094A02 /* Preview Assets.xcassets in Resources */,
				088B34922C5C03A100094A02 /* Assets.xcassets in Resources */,
			);
			runOnlyForDeploymentPostprocessing = 0;
		};
		0894AAAD2CEFD14500387B0C /* Resources */ = {
			isa = PBXResourcesBuildPhase;
			buildActionMask = 2147483647;
			files = (
			);
			runOnlyForDeploymentPostprocessing = 0;
		};
/* End PBXResourcesBuildPhase section */

/* Begin PBXSourcesBuildPhase section */
		088B34872C5C03A000094A02 /* Sources */ = {
			isa = PBXSourcesBuildPhase;
			buildActionMask = 2147483647;
			files = (
				08E4E3B72C7E50DC0043D541 /* RTCVideoWrapper.swift in Sources */,
				080411D92C6BB1C60019364A /* PushNotificationManager.swift in Sources */,
				0813C0AF2C61538700CF5C70 /* CallView.swift in Sources */,
				60B7690B2C9B818C00CC8343 /* StrokeScaleFormView.swift in Sources */,
				0813C0B02C61539200CF5C70 /* HomeView.swift in Sources */,
				0813C0B62C6159A200CF5C70 /* SignalingClient.swift in Sources */,
				08A99ED92C6297FA0046D4A7 /* WebSocketProvider.swift in Sources */,
				0813C0B72C6159A200CF5C70 /* PeerJSOption.swift in Sources */,
				08E4E3B92C7E529B0043D541 /* RTCVideoView.swift in Sources */,
				0813C0B22C6155B200CF5C70 /* AppDelegate.swift in Sources */,
				08A99ED82C6297FA0046D4A7 /* NativeWebSocket.swift in Sources */,
				088B348E2C5C03A000094A02 /* Neuro_AppApp.swift in Sources */,
				0813C0B82C6159A200CF5C70 /* Config.swift in Sources */,
				0813C0B42C6159A200CF5C70 /* WebRTCClient.swift in Sources */,
				60140A712CAEE2F400E61908 /* SavedFormDetailView.swift in Sources */,
				0813C0B52C6159A200CF5C70 /* API.swift in Sources */,
				60140A6B2CAED8BB00E61908 /* NeuroDataModel.xcdatamodeld in Sources */,
				60B7690F2CA32CE000CC8343 /* SavedFormsView.swift in Sources */,
				08A99ED52C6297E20046D4A7 /* SignInView.swift in Sources */,
			);
			runOnlyForDeploymentPostprocessing = 0;
		};
		0894AAAB2CEFD14500387B0C /* Sources */ = {
			isa = PBXSourcesBuildPhase;
			buildActionMask = 2147483647;
			files = (
				0894AAB22CEFD14500387B0C /* Neuro_AppTests.swift in Sources */,
			);
			runOnlyForDeploymentPostprocessing = 0;
		};
/* End PBXSourcesBuildPhase section */

/* Begin PBXTargetDependency section */
		0894AAB42CEFD14500387B0C /* PBXTargetDependency */ = {
			isa = PBXTargetDependency;
			target = 088B348A2C5C03A000094A02 /* Neuro App */;
			targetProxy = 0894AAB32CEFD14500387B0C /* PBXContainerItemProxy */;
		};
/* End PBXTargetDependency section */

/* Begin XCBuildConfiguration section */
		088B34972C5C03A100094A02 /* Debug */ = {
			isa = XCBuildConfiguration;
			buildSettings = {
				ASSETCATALOG_COMPILER_APPICON_NAME = AppIcon;
				ASSETCATALOG_COMPILER_GLOBAL_ACCENT_COLOR_NAME = AccentColor;
				CODE_SIGN_ENTITLEMENTS = "Neuro App/Neuro App.entitlements";
				CODE_SIGN_IDENTITY = "Apple Development";
				CODE_SIGN_STYLE = Automatic;
				CURRENT_PROJECT_VERSION = 1;
				DEVELOPMENT_ASSET_PATHS = "\"Neuro App/Preview Content\"";
				DEVELOPMENT_TEAM = VL7R24L9ZQ;
				ENABLE_PREVIEWS = YES;
				GENERATE_INFOPLIST_FILE = YES;
				INFOPLIST_FILE = "Neuro-App-Info.plist";
				INFOPLIST_KEY_LSApplicationCategoryType = "";
				INFOPLIST_KEY_NSCameraUsageDescription = "Usage to video chat with selected users ";
				INFOPLIST_KEY_NSMicrophoneUsageDescription = "Usage to video chat with selected users";
				INFOPLIST_KEY_UIApplicationSceneManifest_Generation = YES;
				INFOPLIST_KEY_UIApplicationSupportsIndirectInputEvents = YES;
				INFOPLIST_KEY_UILaunchScreen_Generation = YES;
				INFOPLIST_KEY_UISupportedInterfaceOrientations_iPad = "UIInterfaceOrientationPortrait UIInterfaceOrientationPortraitUpsideDown UIInterfaceOrientationLandscapeLeft UIInterfaceOrientationLandscapeRight";
				INFOPLIST_KEY_UISupportedInterfaceOrientations_iPhone = "UIInterfaceOrientationPortrait UIInterfaceOrientationLandscapeLeft UIInterfaceOrientationLandscapeRight";
				LD_RUNPATH_SEARCH_PATHS = (
					"$(inherited)",
					"@executable_path/Frameworks",
				);
				MARKETING_VERSION = 1.0;
				PRODUCT_BUNDLE_IDENTIFIER = "vcuse.Neuro-App";
				PRODUCT_NAME = "$(TARGET_NAME)";
				PROVISIONING_PROFILE_SPECIFIER = "";
				SWIFT_EMIT_LOC_STRINGS = YES;
				SWIFT_VERSION = 5.0;
				TARGETED_DEVICE_FAMILY = "1,2";
			};
			name = Debug;
		};
		088B34982C5C03A100094A02 /* Release */ = {
			isa = XCBuildConfiguration;
			buildSettings = {
				ASSETCATALOG_COMPILER_APPICON_NAME = AppIcon;
				ASSETCATALOG_COMPILER_GLOBAL_ACCENT_COLOR_NAME = AccentColor;
				CODE_SIGN_ENTITLEMENTS = "Neuro App/Neuro App.entitlements";
				CODE_SIGN_IDENTITY = "Apple Development";
				CODE_SIGN_STYLE = Automatic;
				CURRENT_PROJECT_VERSION = 1;
				DEVELOPMENT_ASSET_PATHS = "\"Neuro App/Preview Content\"";
				DEVELOPMENT_TEAM = VL7R24L9ZQ;
				ENABLE_PREVIEWS = YES;
				GENERATE_INFOPLIST_FILE = YES;
				INFOPLIST_FILE = "Neuro-App-Info.plist";
				INFOPLIST_KEY_LSApplicationCategoryType = "";
				INFOPLIST_KEY_NSCameraUsageDescription = "Usage to video chat with selected users ";
				INFOPLIST_KEY_NSMicrophoneUsageDescription = "Usage to video chat with selected users";
				INFOPLIST_KEY_UIApplicationSceneManifest_Generation = YES;
				INFOPLIST_KEY_UIApplicationSupportsIndirectInputEvents = YES;
				INFOPLIST_KEY_UILaunchScreen_Generation = YES;
				INFOPLIST_KEY_UISupportedInterfaceOrientations_iPad = "UIInterfaceOrientationPortrait UIInterfaceOrientationPortraitUpsideDown UIInterfaceOrientationLandscapeLeft UIInterfaceOrientationLandscapeRight";
				INFOPLIST_KEY_UISupportedInterfaceOrientations_iPhone = "UIInterfaceOrientationPortrait UIInterfaceOrientationLandscapeLeft UIInterfaceOrientationLandscapeRight";
				LD_RUNPATH_SEARCH_PATHS = (
					"$(inherited)",
					"@executable_path/Frameworks",
				);
				MARKETING_VERSION = 1.0;
				PRODUCT_BUNDLE_IDENTIFIER = "vcuse.Neuro-App";
				PRODUCT_NAME = "$(TARGET_NAME)";
				PROVISIONING_PROFILE_SPECIFIER = "";
				SWIFT_EMIT_LOC_STRINGS = YES;
				SWIFT_VERSION = 5.0;
				TARGETED_DEVICE_FAMILY = "1,2";
			};
			name = Release;
		};
		0894AAB52CEFD14500387B0C /* Debug */ = {
			isa = XCBuildConfiguration;
			buildSettings = {
				BUNDLE_LOADER = "$(TEST_HOST)";
				CODE_SIGN_STYLE = Automatic;
				CURRENT_PROJECT_VERSION = 1;
				DEVELOPMENT_TEAM = VL7R24L9ZQ;
				GENERATE_INFOPLIST_FILE = YES;
				MARKETING_VERSION = 1.0;
				PRODUCT_BUNDLE_IDENTIFIER = "vcuse.Neuro-AppTests";
				PRODUCT_NAME = "$(TARGET_NAME)";
				SWIFT_EMIT_LOC_STRINGS = NO;
				SWIFT_VERSION = 5.0;
				TARGETED_DEVICE_FAMILY = "1,2";
				TEST_HOST = "$(BUILT_PRODUCTS_DIR)/Neuro App.app/$(BUNDLE_EXECUTABLE_FOLDER_PATH)/Neuro App";
			};
			name = Debug;
		};
		0894AAB62CEFD14500387B0C /* Release */ = {
			isa = XCBuildConfiguration;
			buildSettings = {
				BUNDLE_LOADER = "$(TEST_HOST)";
				CODE_SIGN_STYLE = Automatic;
				CURRENT_PROJECT_VERSION = 1;
				DEVELOPMENT_TEAM = VL7R24L9ZQ;
				GENERATE_INFOPLIST_FILE = YES;
				MARKETING_VERSION = 1.0;
				PRODUCT_BUNDLE_IDENTIFIER = "vcuse.Neuro-AppTests";
				PRODUCT_NAME = "$(TARGET_NAME)";
				SWIFT_EMIT_LOC_STRINGS = NO;
				SWIFT_VERSION = 5.0;
				TARGETED_DEVICE_FAMILY = "1,2";
				TEST_HOST = "$(BUILT_PRODUCTS_DIR)/Neuro App.app/$(BUNDLE_EXECUTABLE_FOLDER_PATH)/Neuro App";
			};
			name = Release;
		};
		60E861132C5192DF0097826E /* Debug */ = {
			isa = XCBuildConfiguration;
			buildSettings = {
				ALLOW_TARGET_PLATFORM_SPECIALIZATION = YES;
				ALWAYS_SEARCH_USER_PATHS = NO;
				ASSETCATALOG_COMPILER_GENERATE_SWIFT_ASSET_SYMBOL_EXTENSIONS = YES;
				CLANG_ANALYZER_NONNULL = YES;
				CLANG_ANALYZER_NUMBER_OBJECT_CONVERSION = YES_AGGRESSIVE;
				CLANG_CXX_LANGUAGE_STANDARD = "gnu++20";
				CLANG_ENABLE_MODULES = YES;
				CLANG_ENABLE_OBJC_ARC = YES;
				CLANG_ENABLE_OBJC_WEAK = YES;
				CLANG_WARN_BLOCK_CAPTURE_AUTORELEASING = YES;
				CLANG_WARN_BOOL_CONVERSION = YES;
				CLANG_WARN_COMMA = YES;
				CLANG_WARN_CONSTANT_CONVERSION = YES;
				CLANG_WARN_DEPRECATED_OBJC_IMPLEMENTATIONS = YES;
				CLANG_WARN_DIRECT_OBJC_ISA_USAGE = YES_ERROR;
				CLANG_WARN_DOCUMENTATION_COMMENTS = YES;
				CLANG_WARN_EMPTY_BODY = YES;
				CLANG_WARN_ENUM_CONVERSION = YES;
				CLANG_WARN_INFINITE_RECURSION = YES;
				CLANG_WARN_INT_CONVERSION = YES;
				CLANG_WARN_NON_LITERAL_NULL_CONVERSION = YES;
				CLANG_WARN_OBJC_IMPLICIT_RETAIN_SELF = YES;
				CLANG_WARN_OBJC_LITERAL_CONVERSION = YES;
				CLANG_WARN_OBJC_ROOT_CLASS = YES_ERROR;
				CLANG_WARN_QUOTED_INCLUDE_IN_FRAMEWORK_HEADER = YES;
				CLANG_WARN_RANGE_LOOP_ANALYSIS = YES;
				CLANG_WARN_STRICT_PROTOTYPES = YES;
				CLANG_WARN_SUSPICIOUS_MOVE = YES;
				CLANG_WARN_UNGUARDED_AVAILABILITY = YES_AGGRESSIVE;
				CLANG_WARN_UNREACHABLE_CODE = YES;
				CLANG_WARN__DUPLICATE_METHOD_MATCH = YES;
				COPY_PHASE_STRIP = NO;
				DEBUG_INFORMATION_FORMAT = dwarf;
				ENABLE_STRICT_OBJC_MSGSEND = YES;
				ENABLE_TESTABILITY = YES;
				ENABLE_USER_SCRIPT_SANDBOXING = YES;
				GCC_C_LANGUAGE_STANDARD = gnu17;
				GCC_DYNAMIC_NO_PIC = NO;
				GCC_NO_COMMON_BLOCKS = YES;
				GCC_OPTIMIZATION_LEVEL = 0;
				GCC_PREPROCESSOR_DEFINITIONS = (
					"DEBUG=1",
					"$(inherited)",
				);
				GCC_WARN_64_TO_32_BIT_CONVERSION = YES;
				GCC_WARN_ABOUT_RETURN_TYPE = YES_ERROR;
				GCC_WARN_UNDECLARED_SELECTOR = YES;
				GCC_WARN_UNINITIALIZED_AUTOS = YES_AGGRESSIVE;
				GCC_WARN_UNUSED_FUNCTION = YES;
				GCC_WARN_UNUSED_VARIABLE = YES;
				IPHONEOS_DEPLOYMENT_TARGET = 17.4;
				LOCALIZATION_PREFERS_STRING_CATALOGS = YES;
				MTL_ENABLE_DEBUG_INFO = INCLUDE_SOURCE;
				MTL_FAST_MATH = YES;
				ONLY_ACTIVE_ARCH = YES;
				SDKROOT = iphoneos;
				SWIFT_ACTIVE_COMPILATION_CONDITIONS = "DEBUG $(inherited)";
				SWIFT_OPTIMIZATION_LEVEL = "-Onone";
			};
			name = Debug;
		};
		60E861142C5192DF0097826E /* Release */ = {
			isa = XCBuildConfiguration;
			buildSettings = {
				ALLOW_TARGET_PLATFORM_SPECIALIZATION = YES;
				ALWAYS_SEARCH_USER_PATHS = NO;
				ASSETCATALOG_COMPILER_GENERATE_SWIFT_ASSET_SYMBOL_EXTENSIONS = YES;
				CLANG_ANALYZER_NONNULL = YES;
				CLANG_ANALYZER_NUMBER_OBJECT_CONVERSION = YES_AGGRESSIVE;
				CLANG_CXX_LANGUAGE_STANDARD = "gnu++20";
				CLANG_ENABLE_MODULES = YES;
				CLANG_ENABLE_OBJC_ARC = YES;
				CLANG_ENABLE_OBJC_WEAK = YES;
				CLANG_WARN_BLOCK_CAPTURE_AUTORELEASING = YES;
				CLANG_WARN_BOOL_CONVERSION = YES;
				CLANG_WARN_COMMA = YES;
				CLANG_WARN_CONSTANT_CONVERSION = YES;
				CLANG_WARN_DEPRECATED_OBJC_IMPLEMENTATIONS = YES;
				CLANG_WARN_DIRECT_OBJC_ISA_USAGE = YES_ERROR;
				CLANG_WARN_DOCUMENTATION_COMMENTS = YES;
				CLANG_WARN_EMPTY_BODY = YES;
				CLANG_WARN_ENUM_CONVERSION = YES;
				CLANG_WARN_INFINITE_RECURSION = YES;
				CLANG_WARN_INT_CONVERSION = YES;
				CLANG_WARN_NON_LITERAL_NULL_CONVERSION = YES;
				CLANG_WARN_OBJC_IMPLICIT_RETAIN_SELF = YES;
				CLANG_WARN_OBJC_LITERAL_CONVERSION = YES;
				CLANG_WARN_OBJC_ROOT_CLASS = YES_ERROR;
				CLANG_WARN_QUOTED_INCLUDE_IN_FRAMEWORK_HEADER = YES;
				CLANG_WARN_RANGE_LOOP_ANALYSIS = YES;
				CLANG_WARN_STRICT_PROTOTYPES = YES;
				CLANG_WARN_SUSPICIOUS_MOVE = YES;
				CLANG_WARN_UNGUARDED_AVAILABILITY = YES_AGGRESSIVE;
				CLANG_WARN_UNREACHABLE_CODE = YES;
				CLANG_WARN__DUPLICATE_METHOD_MATCH = YES;
				COPY_PHASE_STRIP = NO;
				DEBUG_INFORMATION_FORMAT = "dwarf-with-dsym";
				ENABLE_NS_ASSERTIONS = NO;
				ENABLE_STRICT_OBJC_MSGSEND = YES;
				ENABLE_USER_SCRIPT_SANDBOXING = YES;
				GCC_C_LANGUAGE_STANDARD = gnu17;
				GCC_NO_COMMON_BLOCKS = YES;
				GCC_WARN_64_TO_32_BIT_CONVERSION = YES;
				GCC_WARN_ABOUT_RETURN_TYPE = YES_ERROR;
				GCC_WARN_UNDECLARED_SELECTOR = YES;
				GCC_WARN_UNINITIALIZED_AUTOS = YES_AGGRESSIVE;
				GCC_WARN_UNUSED_FUNCTION = YES;
				GCC_WARN_UNUSED_VARIABLE = YES;
				IPHONEOS_DEPLOYMENT_TARGET = 17.4;
				LOCALIZATION_PREFERS_STRING_CATALOGS = YES;
				MTL_ENABLE_DEBUG_INFO = NO;
				MTL_FAST_MATH = YES;
				SDKROOT = iphoneos;
				SWIFT_COMPILATION_MODE = wholemodule;
				VALIDATE_PRODUCT = YES;
			};
			name = Release;
		};
/* End XCBuildConfiguration section */

/* Begin XCConfigurationList section */
		088B34962C5C03A100094A02 /* Build configuration list for PBXNativeTarget "Neuro App" */ = {
			isa = XCConfigurationList;
			buildConfigurations = (
				088B34972C5C03A100094A02 /* Debug */,
				088B34982C5C03A100094A02 /* Release */,
			);
			defaultConfigurationIsVisible = 0;
			defaultConfigurationName = Debug;
		};
		0894AAB72CEFD14500387B0C /* Build configuration list for PBXNativeTarget "Neuro AppTests" */ = {
			isa = XCConfigurationList;
			buildConfigurations = (
				0894AAB52CEFD14500387B0C /* Debug */,
				0894AAB62CEFD14500387B0C /* Release */,
			);
			defaultConfigurationIsVisible = 0;
			defaultConfigurationName = Debug;
		};
		60E860EC2C5192DE0097826E /* Build configuration list for PBXProject "Neurology-iOS-Client-App" */ = {
			isa = XCConfigurationList;
			buildConfigurations = (
				60E861132C5192DF0097826E /* Debug */,
				60E861142C5192DF0097826E /* Release */,
			);
			defaultConfigurationIsVisible = 0;
			defaultConfigurationName = Debug;
		};
/* End XCConfigurationList section */

/* Begin XCRemoteSwiftPackageReference section */
		0837970E2CE67B87005DA012 /* XCRemoteSwiftPackageReference "SwiftLint" */ = {
			isa = XCRemoteSwiftPackageReference;
			repositoryURL = "https://github.com/realm/SwiftLint";
			requirement = {
				kind = upToNextMajorVersion;
				minimumVersion = 0.57.0;
			};
		};
		08FBF1E02C59B83500F4AE9A /* XCRemoteSwiftPackageReference "WebRTC" */ = {
			isa = XCRemoteSwiftPackageReference;
			repositoryURL = "https://github.com/stasel/WebRTC.git";
			requirement = {
				kind = upToNextMajorVersion;
				minimumVersion = 126.0.0;
			};
		};
/* End XCRemoteSwiftPackageReference section */

/* Begin XCSwiftPackageProductDependency section */
		088B34992C5C03DA00094A02 /* WebRTC */ = {
			isa = XCSwiftPackageProductDependency;
			package = 08FBF1E02C59B83500F4AE9A /* XCRemoteSwiftPackageReference "WebRTC" */;
			productName = WebRTC;
		};
/* End XCSwiftPackageProductDependency section */

/* Begin XCVersionGroup section */
		60140A692CAED8BB00E61908 /* NeuroDataModel.xcdatamodeld */ = {
			isa = XCVersionGroup;
			children = (
				60140A6A2CAED8BB00E61908 /* NeuroDataModel.xcdatamodel */,
			);
			currentVersion = 60140A6A2CAED8BB00E61908 /* NeuroDataModel.xcdatamodel */;
			path = NeuroDataModel.xcdatamodeld;
			sourceTree = "<group>";
			versionGroupType = wrapper.xcdatamodel;
		};
/* End XCVersionGroup section */
	};
	rootObject = 60E860E92C5192DE0097826E /* Project object */;
}
